
Microsoft Visual Studio Solution File, Format Version 12.00
# Visual Studio 15
VisualStudioVersion = 15.0.26730.16
MinimumVisualStudioVersion = 10.0.40219.1
Project("{FAE04EC0-301F-11D3-BF4B-00C04F79EFBC}") = "SimplePasswordGenerator", "SimplePasswordGenerator\SimplePasswordGenerator.csproj", "{BCAF2F8E-4FB7-496D-842B-75766D6FA926}"
EndProject
Global
	GlobalSection(SolutionConfigurationPlatforms) = preSolution
		Debug|Any CPU = Debug|Any CPU
		Release|Any CPU = Release|Any CPU
	EndGlobalSection
	GlobalSection(ProjectConfigurationPlatforms) = postSolution
		{BCAF2F8E-4FB7-496D-842B-75766D6FA926}.Debug|Any CPU.ActiveCfg = Debug|Any CPU
		{BCAF2F8E-4FB7-496D-842B-75766D6FA926}.Debug|Any CPU.Build.0 = Debug|Any CPU
		{BCAF2F8E-4FB7-496D-842B-75766D6FA926}.Release|Any CPU.ActiveCfg = Release|Any CPU
		{BCAF2F8E-4FB7-496D-842B-75766D6FA926}.Release|Any CPU.Build.0 = Release|Any CPU
	EndGlobalSection
	GlobalSection(SolutionProperties) = preSolution
		HideSolutionNode = FALSE
	EndGlobalSection
	GlobalSection(ExtensibilityGlobals) = postSolution
		SolutionGuid = {D5A4BFF4-F353-4B1E-BBC0-1F4B3D10200F}
	EndGlobalSection
EndGlobal
